<?xml version="1.0" encoding="UTF-8"?>
<CONFIG>
  <ProjectOptions>
    <Version Value="12"/>
    <General>
      <SessionStorage Value="InProjectDir"/>
      <Title Value="x3dMin"/>
      <Scaled Value="True"/>
      <ResourceType Value="res"/>
      <UseXPManifest Value="True"/>
      <XPManifest>
        <DpiAware Value="True"/>
      </XPManifest>
      <Icon Value="0"/>
    </General>
    <BuildModes>
      <Item Name="Default" Default="True"/>
    </BuildModes>
    <PublishOptions>
      <Version Value="2"/>
      <UseFileFilters Value="True"/>
    </PublishOptions>
    <RunParams>
      <FormatVersion Value="2"/>
    </RunParams>
    <RequiredPackages>
      <Item>
        <PackageName Value="LCL"/>
      </Item>
    </RequiredPackages>
    <Units>
      <Unit>
        <Filename Value="x3dMin.lpr"/>
        <IsPartOfProject Value="True"/>
      </Unit>
      <Unit>
        <Filename Value="uminx3d.pas"/>
        <IsPartOfProject Value="True"/>
        <ComponentName Value="Form1"/>
        <HasResources Value="True"/>
        <ResourceBaseClass Value="Form"/>
        <UnitName Value="UMinX3d"/>
      </Unit>
      <Unit>
        <Filename Value="src/x3d/castlefields_internalglobals.inc"/>
        <IsPartOfProject Value="True"/>
      </Unit>
      <Unit>
        <Filename Value="src/x3d/castlefields_miscglobals.inc"/>
        <IsPartOfProject Value="True"/>
      </Unit>
      <Unit>
        <Filename Value="src/x3d/castlefields_misctypes.inc"/>
        <IsPartOfProject Value="True"/>
      </Unit>
      <Unit>
        <Filename Value="src/x3d/castlefields_x3devent.inc"/>
        <IsPartOfProject Value="True"/>
      </Unit>
      <Unit>
        <Filename Value="src/x3d/castlefields_x3devent_descendants.inc"/>
        <IsPartOfProject Value="True"/>
      </Unit>
      <Unit>
        <Filename Value="src/x3d/castlefields_x3dfield.inc"/>
        <IsPartOfProject Value="True"/>
      </Unit>
      <Unit>
        <Filename Value="src/x3d/castlefields_x3dfieldorevent.inc"/>
        <IsPartOfProject Value="True"/>
      </Unit>
      <Unit>
        <Filename Value="src/x3d/castlefields_x3dfieldsmanager.inc"/>
        <IsPartOfProject Value="True"/>
      </Unit>
      <Unit>
        <Filename Value="src/x3d/castlefields_x3dfileitem.inc"/>
        <IsPartOfProject Value="True"/>
      </Unit>
      <Unit>
        <Filename Value="src/x3d/castlefields_x3dmultfield.inc"/>
        <IsPartOfProject Value="True"/>
      </Unit>
      <Unit>
        <Filename Value="src/x3d/castlefields_x3dreader.inc"/>
        <IsPartOfProject Value="True"/>
      </Unit>
      <Unit>
        <Filename Value="src/x3d/castlefields_x3dsimplemultfield.inc"/>
        <IsPartOfProject Value="True"/>
      </Unit>
      <Unit>
        <Filename Value="src/x3d/castlefields_x3dsimplemultfield_descendants.inc"/>
        <IsPartOfProject Value="True"/>
      </Unit>
      <Unit>
        <Filename Value="src/x3d/castlefields_x3dsinglefield.inc"/>
        <IsPartOfProject Value="True"/>
      </Unit>
      <Unit>
        <Filename Value="src/x3d/castlefields_x3dsinglefield_descendants.inc"/>
        <IsPartOfProject Value="True"/>
      </Unit>
      <Unit>
        <Filename Value="src/x3d/castlefields_x3dwriter.inc"/>
        <IsPartOfProject Value="True"/>
      </Unit>
      <Unit>
        <Filename Value="src/x3d/castleinternalautogenerated.pas"/>
        <IsPartOfProject Value="True"/>
        <UnitName Value="CastleInternalAutoGenerated"/>
      </Unit>
      <Unit>
        <Filename Value="src/x3d/castleinternalnodeinterpolator.pas"/>
        <IsPartOfProject Value="True"/>
        <UnitName Value="CastleInternalNodeInterpolator"/>
      </Unit>
      <Unit>
        <Filename Value="src/x3d/castleinternalnormals.pas"/>
        <IsPartOfProject Value="True"/>
        <UnitName Value="CastleInternalNormals"/>
      </Unit>
      <Unit>
        <Filename Value="src/x3d/castleinternalshadowmaps.pas"/>
        <IsPartOfProject Value="True"/>
        <UnitName Value="CastleInternalShadowMaps"/>
      </Unit>
      <Unit>
        <Filename Value="src/x3d/castleinternalshapeoctree.pas"/>
        <IsPartOfProject Value="True"/>
        <UnitName Value="CastleInternalShapeOctree"/>
      </Unit>
      <Unit>
        <Filename Value="src/x3d/castleinternaltriangleoctree.pas"/>
        <IsPartOfProject Value="True"/>
        <UnitName Value="CastleInternalTriangleOctree"/>
      </Unit>
      <Unit>
        <Filename Value="src/x3d/castleinternaltriangleoctree_raysegmentcollisions.inc"/>
        <IsPartOfProject Value="True"/>
      </Unit>
      <Unit>
        <Filename Value="src/x3d/castleinternalx3dlexer.pas"/>
        <IsPartOfProject Value="True"/>
        <UnitName Value="CastleInternalX3DLexer"/>
      </Unit>
      <Unit>
        <Filename Value="src/x3d/castlematerialproperties.pas"/>
        <IsPartOfProject Value="True"/>
        <UnitName Value="CastleMaterialProperties"/>
      </Unit>
      <Unit>
        <Filename Value="src/x3d/octreeconf.inc"/>
        <IsPartOfProject Value="True"/>
      </Unit>
      <Unit>
        <Filename Value="src/x3d/x3dcamerautils.pas"/>
        <IsPartOfProject Value="True"/>
        <UnitName Value="X3DCameraUtils"/>
      </Unit>
      <Unit>
        <Filename Value="src/x3d/x3dcastlescript.pas"/>
        <IsPartOfProject Value="True"/>
        <UnitName Value="X3DCastleScript"/>
      </Unit>
      <Unit>
        <Filename Value="src/x3d/x3dfields.pas"/>
        <IsPartOfProject Value="True"/>
        <UnitName Value="X3DFields"/>
      </Unit>
      <Unit>
        <Filename Value="src/x3d/x3dloadinternalstl.pas"/>
        <IsPartOfProject Value="True"/>
        <UnitName Value="X3DLoadInternalSTL"/>
      </Unit>
      <Unit>
        <Filename Value="src/x3d/x3dloadinternalutils.pas"/>
        <IsPartOfProject Value="True"/>
        <UnitName Value="X3DLoadInternalUtils"/>
      </Unit>
      <Unit>
        <Filename Value="src/x3d/x3dnodes.pas"/>
        <IsPartOfProject Value="True"/>
        <UnitName Value="X3DNodes"/>
      </Unit>
      <Unit>
        <Filename Value="src/x3d/x3dnodes_1.inc"/>
        <IsPartOfProject Value="True"/>
      </Unit>
      <Unit>
        <Filename Value="src/x3d/x3dnodes_97_hanim.inc"/>
        <IsPartOfProject Value="True"/>
      </Unit>
      <Unit>
        <Filename Value="src/x3d/x3dnodes_97_nurbs.inc"/>
        <IsPartOfProject Value="True"/>
      </Unit>
      <Unit>
        <Filename Value="src/x3d/x3dnodes_bitmanagement.inc"/>
        <IsPartOfProject Value="True"/>
      </Unit>
      <Unit>
        <Filename Value="src/x3d/x3dnodes_castle.inc"/>
        <IsPartOfProject Value="True"/>
      </Unit>
      <Unit>
        <Filename Value="src/x3d/x3dnodes_clipplane.inc"/>
        <IsPartOfProject Value="True"/>
      </Unit>
      <Unit>
        <Filename Value="src/x3d/x3dnodes_coordpolygons.inc"/>
        <IsPartOfProject Value="True"/>
      </Unit>
      <Unit>
        <Filename Value="src/x3d/x3dnodes_destructionnotification.inc"/>
        <IsPartOfProject Value="True"/>
      </Unit>
      <Unit>
        <Filename Value="src/x3d/x3dnodes_documentation.txt"/>
        <IsPartOfProject Value="True"/>
      </Unit>
      <Unit>
        <Filename Value="src/x3d/x3dnodes_encoding_classic.inc"/>
        <IsPartOfProject Value="True"/>
      </Unit>
      <Unit>
        <Filename Value="src/x3d/x3dnodes_encoding_xml.inc"/>
        <IsPartOfProject Value="True"/>
      </Unit>
      <Unit>
        <Filename Value="src/x3d/x3dnodes_generatedtextures.inc"/>
        <IsPartOfProject Value="True"/>
      </Unit>
      <Unit>
        <Filename Value="src/x3d/x3dnodes_importexport.inc"/>
        <IsPartOfProject Value="True"/>
      </Unit>
      <Unit>
        <Filename Value="src/x3d/x3dnodes_initial_types.inc"/>
        <IsPartOfProject Value="True"/>
      </Unit>
      <Unit>
        <Filename Value="src/x3d/x3dnodes_instantreality.inc"/>
        <IsPartOfProject Value="True"/>
      </Unit>
      <Unit>
        <Filename Value="src/x3d/x3dnodes_inventor.inc"/>
        <IsPartOfProject Value="True"/>
      </Unit>
      <Unit>
        <Filename Value="src/x3d/x3dnodes_lightcontribution.inc"/>
        <IsPartOfProject Value="True"/>
      </Unit>
      <Unit>
        <Filename Value="src/x3d/x3dnodes_lightinstance.inc"/>
        <IsPartOfProject Value="True"/>
      </Unit>
      <Unit>
        <Filename Value="src/x3d/x3dnodes_load.inc"/>
        <IsPartOfProject Value="True"/>
      </Unit>
      <Unit>
        <Filename Value="src/x3d/x3dnodes_mfnode.inc"/>
        <IsPartOfProject Value="True"/>
      </Unit>
      <Unit>
        <Filename Value="src/x3d/x3dnodes_miscellaneous_globals.inc"/>
        <IsPartOfProject Value="True"/>
      </Unit>
      <Unit>
        <Filename Value="src/x3d/x3dnodes_miscellaneous_internals.inc"/>
        <IsPartOfProject Value="True"/>
      </Unit>
      <Unit>
        <Filename Value="src/x3d/x3dnodes_names.inc"/>
        <IsPartOfProject Value="True"/>
      </Unit>
      <Unit>
        <Filename Value="src/x3d/x3dnodes_nodesmanager.inc"/>
        <IsPartOfProject Value="True"/>
      </Unit>
      <Unit>
        <Filename Value="src/x3d/x3dnodes_prototypes.inc"/>
        <IsPartOfProject Value="True"/>
      </Unit>
      <Unit>
        <Filename Value="src/x3d/x3dnodes_save.inc"/>
        <IsPartOfProject Value="True"/>
      </Unit>
      <Unit>
        <Filename Value="src/x3d/x3dnodes_sfnode.inc"/>
        <IsPartOfProject Value="True"/>
      </Unit>
      <Unit>
        <Filename Value="src/x3d/x3dnodes_standard_cadgeometry.inc"/>
        <IsPartOfProject Value="True"/>
      </Unit>
      <Unit>
        <Filename Value="src/x3d/x3dnodes_standard_core.inc"/>
        <IsPartOfProject Value="True"/>
      </Unit>
      <Unit>
        <Filename Value="src/x3d/x3dnodes_standard_cubemaptexturing.inc"/>
        <IsPartOfProject Value="True"/>
      </Unit>
      <Unit>
        <Filename Value="src/x3d/x3dnodes_standard_dis.inc"/>
        <IsPartOfProject Value="True"/>
      </Unit>
      <Unit>
        <Filename Value="src/x3d/x3dnodes_standard_environmentalsensor.inc"/>
        <IsPartOfProject Value="True"/>
      </Unit>
      <Unit>
        <Filename Value="src/x3d/x3dnodes_standard_eventutilities.inc"/>
        <IsPartOfProject Value="True"/>
      </Unit>
      <Unit>
        <Filename Value="src/x3d/x3dnodes_standard_followers.inc"/>
        <IsPartOfProject Value="True"/>
      </Unit>
      <Unit>
        <Filename Value="src/x3d/x3dnodes_standard_geometry2d.inc"/>
        <IsPartOfProject Value="True"/>
      </Unit>
      <Unit>
        <Filename Value="src/x3d/x3dnodes_standard_geometry3d.inc"/>
        <IsPartOfProject Value="True"/>
      </Unit>
      <Unit>
        <Filename Value="src/x3d/x3dnodes_standard_grouping.inc"/>
        <IsPartOfProject Value="True"/>
      </Unit>
      <Unit>
        <Filename Value="src/x3d/x3dnodes_standard_h-anim.inc"/>
        <IsPartOfProject Value="True"/>
      </Unit>
      <Unit>
        <Filename Value="src/x3d/x3dnodes_standard_interpolation.inc"/>
        <IsPartOfProject Value="True"/>
      </Unit>
      <Unit>
        <Filename Value="src/x3d/x3dnodes_standard_interpolation_cubic_bezier.inc"/>
        <IsPartOfProject Value="True"/>
      </Unit>
      <Unit>
        <Filename Value="src/x3d/x3dnodes_standard_layering.inc"/>
        <IsPartOfProject Value="True"/>
      </Unit>
      <Unit>
        <Filename Value="src/x3d/x3dnodes_standard_lighting.inc"/>
        <IsPartOfProject Value="True"/>
      </Unit>
      <Unit>
        <Filename Value="src/x3d/x3dnodes_standard_networking.inc"/>
        <IsPartOfProject Value="True"/>
      </Unit>
      <Unit>
        <Filename Value="src/x3d/x3dnodes_standard_nurbs.inc"/>
        <IsPartOfProject Value="True"/>
      </Unit>
      <Unit>
        <Filename Value="src/x3d/x3dnodes_standard_particlesystems.inc"/>
        <IsPartOfProject Value="True"/>
      </Unit>
      <Unit>
        <Filename Value="src/x3d/x3dnodes_standard_picking.inc"/>
        <IsPartOfProject Value="True"/>
      </Unit>
      <Unit>
        <Filename Value="src/x3d/x3dnodes_standard_pointingdevicesensor.inc"/>
        <IsPartOfProject Value="True"/>
      </Unit>
      <Unit>
        <Filename Value="src/x3d/x3dnodes_standard_rendering.inc"/>
        <IsPartOfProject Value="True"/>
      </Unit>
      <Unit>
        <Filename Value="src/x3d/x3dnodes_standard_rigidbodyphysics.inc"/>
        <IsPartOfProject Value="True"/>
      </Unit>
      <Unit>
        <Filename Value="src/x3d/x3dnodes_standard_scripting.inc"/>
        <IsPartOfProject Value="True"/>
      </Unit>
      <Unit>
        <Filename Value="src/x3d/x3dnodes_standard_shaders.inc"/>
        <IsPartOfProject Value="True"/>
      </Unit>
      <Unit>
        <Filename Value="src/x3d/x3dnodes_standard_shape.inc"/>
        <IsPartOfProject Value="True"/>
      </Unit>
      <Unit>
        <Filename Value="src/x3d/x3dnodes_standard_texturing.inc"/>
        <IsPartOfProject Value="True"/>
      </Unit>
      <Unit>
        <Filename Value="src/x3d/x3dnodes_standard_texturing3d.inc"/>
        <IsPartOfProject Value="True"/>
      </Unit>
      <Unit>
        <Filename Value="src/x3d/x3dnodes_standard_time.inc"/>
        <IsPartOfProject Value="True"/>
      </Unit>
      <Unit>
        <Filename Value="src/x3d/x3dnodes_utils_box.inc"/>
        <IsPartOfProject Value="True"/>
      </Unit>
      <Unit>
        <Filename Value="src/x3d/x3dnodes_utils_cone_cylinder.inc"/>
        <IsPartOfProject Value="True"/>
      </Unit>
      <Unit>
        <Filename Value="src/x3d/x3dnodes_utils_elevationgrid.inc"/>
        <IsPartOfProject Value="True"/>
      </Unit>
      <Unit>
        <Filename Value="src/x3d/x3dnodes_utils_extrusion.inc"/>
        <IsPartOfProject Value="True"/>
      </Unit>
      <Unit>
        <Filename Value="src/x3d/x3dnodes_utils_sphere.inc"/>
        <IsPartOfProject Value="True"/>
      </Unit>
      <Unit>
        <Filename Value="src/x3d/x3dnodes_verticesandtrianglescounting.inc"/>
        <IsPartOfProject Value="True"/>
      </Unit>
      <Unit>
        <Filename Value="src/x3d/x3dnodes_vrml1state.inc"/>
        <IsPartOfProject Value="True"/>
      </Unit>
      <Unit>
        <Filename Value="src/x3d/x3dnodes_x3dgraphtraversestate.inc"/>
        <IsPartOfProject Value="True"/>
      </Unit>
      <Unit>
        <Filename Value="src/x3d/x3dnodes_x3dinterfacedeclaration.inc"/>
        <IsPartOfProject Value="True"/>
      </Unit>
      <Unit>
        <Filename Value="src/x3d/x3dnodes_x3dnode.inc"/>
        <IsPartOfProject Value="True"/>
      </Unit>
      <Unit>
        <Filename Value="src/x3d/x3dnodes_x3dnodeclasseslist.inc"/>
        <IsPartOfProject Value="True"/>
      </Unit>
      <Unit>
        <Filename Value="src/x3d/x3dnodes_x3dnodescache.inc"/>
        <IsPartOfProject Value="True"/>
      </Unit>
      <Unit>
        <Filename Value="src/x3d/x3dnodes_x3droute.inc"/>
        <IsPartOfProject Value="True"/>
      </Unit>
      <Unit>
        <Filename Value="src/x3d/x3dnodes_x3dunknownnode.inc"/>
        <IsPartOfProject Value="True"/>
      </Unit>
      <Unit>
        <Filename Value="src/x3d/x3dtime.pas"/>
        <IsPartOfProject Value="True"/>
        <UnitName Value="X3DTime"/>
      </Unit>
      <Unit>
        <Filename Value="src/x3d/x3dtriangles.pas"/>
        <IsPartOfProject Value="True"/>
        <UnitName Value="X3DTriangles"/>
      </Unit>
      <Unit>
        <Filename Value="src/x3d/x3dtriangles_raysegment_nonleaf.inc"/>
        <IsPartOfProject Value="True"/>
      </Unit>
    </Units>
  </ProjectOptions>
  <CompilerOptions>
    <Version Value="11"/>
    <Target>
      <Filename Value="x3dMin"/>
    </Target>
    <SearchPaths>
      <IncludeFiles Value="$(ProjOutDir);src/base;src/images;src/files;src/3d;src/castlescript;src/fonts;src/x3d"/>
      <OtherUnitFiles Value="src/base;src/images;src/files;src/3d;src/castlescript;src/fonts;src/x3d"/>
      <UnitOutputDirectory Value="lib/$(TargetCPU)-$(TargetOS)"/>
    </SearchPaths>
    <Linking>
      <Debugging>
        <DebugInfoType Value="dsDwarf2Set"/>
      </Debugging>
      <Options>
        <Win32>
          <GraphicApplication Value="True"/>
        </Win32>
      </Options>
    </Linking>
  </CompilerOptions>
  <Debugging>
    <Exceptions>
      <Item>
        <Name Value="EAbort"/>
      </Item>
      <Item>
        <Name Value="ECodetoolError"/>
      </Item>
      <Item>
        <Name Value="EFOpenError"/>
      </Item>
    </Exceptions>
  </Debugging>
</CONFIG>
