<?xml version="1.0" encoding="UTF-8"?>
<CONFIG>
  <ProjectOptions>
    <Version Value="12"/>
    <General>
      <SessionStorage Value="InProjectDir"/>
      <Title Value="x3dMin"/>
      <Scaled Value="True"/>
      <ResourceType Value="res"/>
      <UseXPManifest Value="True"/>
      <XPManifest>
        <DpiAware Value="True"/>
      </XPManifest>
      <Icon Value="0"/>
    </General>
    <BuildModes>
      <Item Name="Default" Default="True"/>
    </BuildModes>
    <PublishOptions>
      <Version Value="2"/>
      <UseFileFilters Value="True"/>
    </PublishOptions>
    <RunParams>
      <FormatVersion Value="2"/>
    </RunParams>
    <RequiredPackages>
      <Item>
        <PackageName Value="LCL"/>
      </Item>
    </RequiredPackages>
    <Units>
      <Unit>
        <Filename Value="x3dMin.lpr"/>
        <IsPartOfProject Value="True"/>
      </Unit>
      <Unit>
        <Filename Value="uminx3d.pas"/>
        <IsPartOfProject Value="True"/>
        <ComponentName Value="Form1"/>
        <HasResources Value="True"/>
        <ResourceBaseClass Value="Form"/>
        <UnitName Value="UMinX3d"/>
      </Unit>
      <Unit>
        <Filename Value="src/x3d/castlefields_internalglobals.inc"/>
        <IsPartOfProject Value="True"/>
      </Unit>
      <Unit>
        <Filename Value="src/x3d/castlefields_miscglobals.inc"/>
        <IsPartOfProject Value="True"/>
      </Unit>
      <Unit>
        <Filename Value="src/x3d/castlefields_misctypes.inc"/>
        <IsPartOfProject Value="True"/>
      </Unit>
      <Unit>
        <Filename Value="src/x3d/castlefields_x3devent.inc"/>
        <IsPartOfProject Value="True"/>
      </Unit>
      <Unit>
        <Filename Value="src/x3d/castlefields_x3devent_descendants.inc"/>
        <IsPartOfProject Value="True"/>
      </Unit>
      <Unit>
        <Filename Value="src/x3d/castlefields_x3dfield.inc"/>
        <IsPartOfProject Value="True"/>
      </Unit>
      <Unit>
        <Filename Value="src/x3d/castlefields_x3dfieldorevent.inc"/>
        <IsPartOfProject Value="True"/>
      </Unit>
      <Unit>
        <Filename Value="src/x3d/castlefields_x3dfieldsmanager.inc"/>
        <IsPartOfProject Value="True"/>
      </Unit>
      <Unit>
        <Filename Value="src/x3d/castlefields_x3dfileitem.inc"/>
        <IsPartOfProject Value="True"/>
      </Unit>
      <Unit>
        <Filename Value="src/x3d/castlefields_x3dmultfield.inc"/>
        <IsPartOfProject Value="True"/>
      </Unit>
      <Unit>
        <Filename Value="src/x3d/castlefields_x3dreader.inc"/>
        <IsPartOfProject Value="True"/>
      </Unit>
      <Unit>
        <Filename Value="src/x3d/castlefields_x3dsimplemultfield.inc"/>
        <IsPartOfProject Value="True"/>
      </Unit>
      <Unit>
        <Filename Value="src/x3d/castlefields_x3dsimplemultfield_descendants.inc"/>
        <IsPartOfProject Value="True"/>
      </Unit>
      <Unit>
        <Filename Value="src/x3d/castlefields_x3dsinglefield.inc"/>
        <IsPartOfProject Value="True"/>
      </Unit>
      <Unit>
        <Filename Value="src/x3d/castlefields_x3dsinglefield_descendants.inc"/>
        <IsPartOfProject Value="True"/>
      </Unit>
      <Unit>
        <Filename Value="src/x3d/castlefields_x3dwriter.inc"/>
        <IsPartOfProject Value="True"/>
      </Unit>
      <Unit>
        <Filename Value="src/x3d/castleinternalautogenerated.pas"/>
        <IsPartOfProject Value="True"/>
        <UnitName Value="CastleInternalAutoGenerated"/>
      </Unit>
      <Unit>
        <Filename Value="src/x3d/castleinternalnodeinterpolator.pas"/>
        <IsPartOfProject Value="True"/>
        <UnitName Value="CastleInternalNodeInterpolator"/>
      </Unit>
      <Unit>
        <Filename Value="src/x3d/castleinternalnormals.pas"/>
        <IsPartOfProject Value="True"/>
        <UnitName Value="CastleInternalNormals"/>
      </Unit>
      <Unit>
        <Filename Value="src/x3d/castleinternalshadowmaps.pas"/>
        <IsPartOfProject Value="True"/>
        <UnitName Value="CastleInternalShadowMaps"/>
      </Unit>
      <Unit>
        <Filename Value="src/x3d/castleinternalshapeoctree.pas"/>
        <IsPartOfProject Value="True"/>
        <UnitName Value="CastleInternalShapeOctree"/>
      </Unit>
      <Unit>
        <Filename Value="src/x3d/castleinternaltriangleoctree.pas"/>
        <IsPartOfProject Value="True"/>
        <UnitName Value="CastleInternalTriangleOctree"/>
      </Unit>
      <Unit>
        <Filename Value="src/x3d/castleinternaltriangleoctree_raysegmentcollisions.inc"/>
        <IsPartOfProject Value="True"/>
      </Unit>
      <Unit>
        <Filename Value="src/x3d/castleinternalx3dlexer.pas"/>
        <IsPartOfProject Value="True"/>
        <UnitName Value="CastleInternalX3DLexer"/>
      </Unit>
      <Unit>
        <Filename Value="src/x3d/castlematerialproperties.pas"/>
        <IsPartOfProject Value="True"/>
        <UnitName Value="CastleMaterialProperties"/>
      </Unit>
      <Unit>
        <Filename Value="src/x3d/octreeconf.inc"/>
        <IsPartOfProject Value="True"/>
      </Unit>
      <Unit>
        <Filename Value="src/x3d/x3dfields.pas"/>
        <IsPartOfProject Value="True"/>
        <UnitName Value="X3DFields"/>
      </Unit>
      <Unit>
        <Filename Value="src/x3d/x3dloadinternalstl.pas"/>
        <IsPartOfProject Value="True"/>
        <UnitName Value="X3DLoadInternalSTL"/>
      </Unit>
      <Unit>
        <Filename Value="src/x3d/x3dloadinternalutils.pas"/>
        <IsPartOfProject Value="True"/>
        <UnitName Value="X3DLoadInternalUtils"/>
      </Unit>
      <Unit>
        <Filename Value="src/x3d/x3dnodes.pas"/>
        <IsPartOfProject Value="True"/>
        <UnitName Value="X3DNodes"/>
      </Unit>
      <Unit>
        <Filename Value="src/x3d/x3dnodes_97_hanim.inc"/>
        <IsPartOfProject Value="True"/>
      </Unit>
      <Unit>
        <Filename Value="src/x3d/x3dnodes_bitmanagement.inc"/>
        <IsPartOfProject Value="True"/>
      </Unit>
      <Unit>
        <Filename Value="src/x3d/x3dnodes_castle.inc"/>
        <IsPartOfProject Value="True"/>
      </Unit>
      <Unit>
        <Filename Value="src/x3d/x3dnodes_clipplane.inc"/>
        <IsPartOfProject Value="True"/>
      </Unit>
      <Unit>
        <Filename Value="src/x3d/x3dnodes_coordpolygons.inc"/>
        <IsPartOfProject Value="True"/>
      </Unit>
      <Unit>
        <Filename Value="src/x3d/x3dnodes_destructionnotification.inc"/>
        <IsPartOfProject Value="True"/>
      </Unit>
      <Unit>
        <Filename Value="src/x3d/x3dnodes_documentation.txt"/>
        <IsPartOfProject Value="True"/>
      </Unit>
      <Unit>
        <Filename Value="src/x3d/x3dnodes_encoding_classic.inc"/>
        <IsPartOfProject Value="True"/>
      </Unit>
      <Unit>
        <Filename Value="src/x3d/x3dnodes_encoding_xml.inc"/>
        <IsPartOfProject Value="True"/>
      </Unit>
      <Unit>
        <Filename Value="src/x3d/x3dnodes_generatedtextures.inc"/>
        <IsPartOfProject Value="True"/>
      </Unit>
      <Unit>
        <Filename Value="src/x3d/x3dnodes_importexport.inc"/>
        <IsPartOfProject Value="True"/>
      </Unit>
      <Unit>
        <Filename Value="src/x3d/x3dnodes_initial_types.inc"/>
        <IsPartOfProject Value="True"/>
      </Unit>
      <Unit>
        <Filename Value="src/x3d/x3dnodes_instantreality.inc"/>
        <IsPartOfProject Value="True"/>
      </Unit>
      <Unit>
        <Filename Value="src/x3d/x3dnodes_lightcontribution.inc"/>
        <IsPartOfProject Value="True"/>
      </Unit>
      <Unit>
        <Filename Value="src/x3d/x3dnodes_load.inc"/>
        <IsPartOfProject Value="True"/>
      </Unit>
      <Unit>
        <Filename Value="src/x3d/x3dnodes_mfnode.inc"/>
        <IsPartOfProject Value="True"/>
      </Unit>
      <Unit>
        <Filename Value="src/x3d/x3dnodes_miscellaneous_globals.inc"/>
        <IsPartOfProject Value="True"/>
      </Unit>
      <Unit>
        <Filename Value="src/x3d/x3dnodes_miscellaneous_internals.inc"/>
        <IsPartOfProject Value="True"/>
      </Unit>
      <Unit>
        <Filename Value="src/x3d/x3dnodes_names.inc"/>
        <IsPartOfProject Value="True"/>
      </Unit>
      <Unit>
        <Filename Value="src/x3d/x3dnodes_nodesmanager.inc"/>
        <IsPartOfProject Value="True"/>
      </Unit>
      <Unit>
        <Filename Value="src/x3d/x3dnodes_prototypes.inc"/>
        <IsPartOfProject Value="True"/>
      </Unit>
      <Unit>
        <Filename Value="src/x3d/x3dnodes_save.inc"/>
        <IsPartOfProject Value="True"/>
      </Unit>
      <Unit>
        <Filename Value="src/x3d/x3dnodes_sfnode.inc"/>
        <IsPartOfProject Value="True"/>
      </Unit>
      <Unit>
        <Filename Value="src/x3d/x3dnodes_standard_cadgeometry.inc"/>
        <IsPartOfProject Value="True"/>
      </Unit>
      <Unit>
        <Filename Value="src/x3d/x3dnodes_standard_core.inc"/>
        <IsPartOfProject Value="True"/>
      </Unit>
      <Unit>
        <Filename Value="src/x3d/x3dnodes_standard_cubemaptexturing.inc"/>
        <IsPartOfProject Value="True"/>
      </Unit>
      <Unit>
        <Filename Value="src/x3d/x3dnodes_standard_dis.inc"/>
        <IsPartOfProject Value="True"/>
      </Unit>
      <Unit>
        <Filename Value="src/x3d/x3dnodes_standard_environmentalsensor.inc"/>
        <IsPartOfProject Value="True"/>
      </Unit>
      <Unit>
        <Filename Value="src/x3d/x3dnodes_standard_eventutilities.inc"/>
        <IsPartOfProject Value="True"/>
      </Unit>
      <Unit>
        <Filename Value="src/x3d/x3dnodes_standard_followers.inc"/>
        <IsPartOfProject Value="True"/>
      </Unit>
      <Unit>
        <Filename Value="src/x3d/x3dnodes_standard_geometry2d.inc"/>
        <IsPartOfProject Value="True"/>
      </Unit>
      <Unit>
        <Filename Value="src/x3d/x3dnodes_standard_geometry3d.inc"/>
        <IsPartOfProject Value="True"/>
      </Unit>
      <Unit>
        <Filename Value="src/x3d/x3dnodes_standard_grouping.inc"/>
        <IsPartOfProject Value="True"/>
      </Unit>
      <Unit>
        <Filename Value="src/x3d/x3dnodes_standard_h-anim.inc"/>
        <IsPartOfProject Value="True"/>
      </Unit>
      <Unit>
        <Filename Value="src/x3d/x3dnodes_standard_interpolation.inc"/>
        <IsPartOfProject Value="True"/>
      </Unit>
      <Unit>
        <Filename Value="src/x3d/x3dnodes_standard_interpolation_cubic_bezier.inc"/>
        <IsPartOfProject Value="True"/>
      </Unit>
      <Unit>
        <Filename Value="src/x3d/x3dnodes_standard_layering.inc"/>
        <IsPartOfProject Value="True"/>
      </Unit>
      <Unit>
        <Filename Value="src/x3d/x3dnodes_standard_lighting.inc"/>
        <IsPartOfProject Value="True"/>
      </Unit>
      <Unit>
        <Filename Value="src/x3d/x3dnodes_standard_networking.inc"/>
        <IsPartOfProject Value="True"/>
      </Unit>
      <Unit>
        <Filename Value="src/x3d/x3dnodes_standard_particlesystems.inc"/>
        <IsPartOfProject Value="True"/>
      </Unit>
      <Unit>
        <Filename Value="src/x3d/x3dnodes_standard_picking.inc"/>
        <IsPartOfProject Value="True"/>
      </Unit>
      <Unit>
        <Filename Value="src/x3d/x3dnodes_standard_rendering.inc"/>
        <IsPartOfProject Value="True"/>
      </Unit>
      <Unit>
        <Filename Value="src/x3d/x3dnodes_standard_shaders.inc"/>
        <IsPartOfProject Value="True"/>
      </Unit>
      <Unit>
        <Filename Value="src/x3d/x3dnodes_standard_shape.inc"/>
        <IsPartOfProject Value="True"/>
      </Unit>
      <Unit>
        <Filename Value="src/x3d/x3dnodes_standard_texturing.inc"/>
        <IsPartOfProject Value="True"/>
      </Unit>
      <Unit>
        <Filename Value="src/x3d/x3dnodes_standard_texturing3d.inc"/>
        <IsPartOfProject Value="True"/>
      </Unit>
      <Unit>
        <Filename Value="src/x3d/x3dnodes_standard_time.inc"/>
        <IsPartOfProject Value="True"/>
      </Unit>
      <Unit>
        <Filename Value="src/x3d/x3dnodes_utils_box.inc"/>
        <IsPartOfProject Value="True"/>
      </Unit>
      <Unit>
        <Filename Value="src/x3d/x3dnodes_utils_cone_cylinder.inc"/>
        <IsPartOfProject Value="True"/>
      </Unit>
      <Unit>
        <Filename Value="src/x3d/x3dnodes_utils_elevationgrid.inc"/>
        <IsPartOfProject Value="True"/>
      </Unit>
      <Unit>
        <Filename Value="src/x3d/x3dnodes_utils_extrusion.inc"/>
        <IsPartOfProject Value="True"/>
      </Unit>
      <Unit>
        <Filename Value="src/x3d/x3dnodes_utils_sphere.inc"/>
        <IsPartOfProject Value="True"/>
      </Unit>
      <Unit>
        <Filename Value="src/x3d/x3dnodes_verticesandtrianglescounting.inc"/>
        <IsPartOfProject Value="True"/>
      </Unit>
      <Unit>
        <Filename Value="src/x3d/x3dnodes_x3dgraphtraversestate.inc"/>
        <IsPartOfProject Value="True"/>
      </Unit>
      <Unit>
        <Filename Value="src/x3d/x3dnodes_x3dinterfacedeclaration.inc"/>
        <IsPartOfProject Value="True"/>
      </Unit>
      <Unit>
        <Filename Value="src/x3d/x3dnodes_x3dnode.inc"/>
        <IsPartOfProject Value="True"/>
      </Unit>
      <Unit>
        <Filename Value="src/x3d/x3dnodes_x3dnodeclasseslist.inc"/>
        <IsPartOfProject Value="True"/>
      </Unit>
      <Unit>
        <Filename Value="src/x3d/x3dnodes_x3droute.inc"/>
        <IsPartOfProject Value="True"/>
      </Unit>
      <Unit>
        <Filename Value="src/x3d/x3dnodes_x3dunknownnode.inc"/>
        <IsPartOfProject Value="True"/>
      </Unit>
      <Unit>
        <Filename Value="src/x3d/x3dtime.pas"/>
        <IsPartOfProject Value="True"/>
        <UnitName Value="X3DTime"/>
      </Unit>
      <Unit>
        <Filename Value="src/x3d/x3dtriangles.pas"/>
        <IsPartOfProject Value="True"/>
        <UnitName Value="X3DTriangles"/>
      </Unit>
      <Unit>
        <Filename Value="src/x3d/x3dtriangles_raysegment_nonleaf.inc"/>
        <IsPartOfProject Value="True"/>
      </Unit>
      <Unit>
        <Filename Value="src/base/castleutils_miscella.inc"/>
        <IsPartOfProject Value="True"/>
      </Unit>
      <Unit>
        <Filename Value="src/base/castleutils.pas"/>
        <IsPartOfProject Value="True"/>
        <UnitName Value="CastleUtils"/>
      </Unit>
      <Unit>
        <Filename Value="src/base/castleutils_math.inc"/>
        <IsPartOfProject Value="True"/>
      </Unit>
      <Unit>
        <Filename Value="src/base/castlevectors.pas"/>
        <IsPartOfProject Value="True"/>
        <UnitName Value="CastleVectors"/>
      </Unit>
      <Unit>
        <Filename Value="src/base/castlestringutils.pas"/>
        <IsPartOfProject Value="True"/>
        <UnitName Value="CastleStringUtils"/>
      </Unit>
      <Unit>
        <Filename Value="src/base/castlelog.pas"/>
        <IsPartOfProject Value="True"/>
        <UnitName Value="CastleLog"/>
      </Unit>
      <Unit>
        <Filename Value="src/3d/castleboxes.pas"/>
        <IsPartOfProject Value="True"/>
        <UnitName Value="CastleBoxes"/>
      </Unit>
      <Unit>
        <Filename Value="src/3d/castletriangles.pas"/>
        <IsPartOfProject Value="True"/>
        <UnitName Value="CastleTriangles"/>
      </Unit>
      <Unit>
        <Filename Value="src/base/castleshaders.pas"/>
        <IsPartOfProject Value="True"/>
        <UnitName Value="CastleShaders"/>
      </Unit>
      <Unit>
        <Filename Value="src/3d/castleinternaloctree.pas"/>
        <IsPartOfProject Value="True"/>
        <UnitName Value="CastleInternalOctree"/>
      </Unit>
      <Unit>
        <Filename Value="src/base/castleunicode.pas"/>
        <IsPartOfProject Value="True"/>
        <UnitName Value="CastleUnicode"/>
      </Unit>
      <Unit>
        <Filename Value="src/base/castleclassutils.pas"/>
        <IsPartOfProject Value="True"/>
        <UnitName Value="CastleClassUtils"/>
      </Unit>
      <Unit>
        <Filename Value="src/base/castleconf.inc"/>
        <IsPartOfProject Value="True"/>
      </Unit>
      <Unit>
        <Filename Value="src/base/castleinterfaces.pas"/>
        <IsPartOfProject Value="True"/>
        <UnitName Value="CastleInterfaces"/>
      </Unit>
      <Unit>
        <Filename Value="src/base/castleprojection.pas"/>
        <IsPartOfProject Value="True"/>
        <UnitName Value="CastleProjection"/>
      </Unit>
      <Unit>
        <Filename Value="src/base/castlerectangles.pas"/>
        <IsPartOfProject Value="True"/>
        <UnitName Value="CastleRectangles"/>
      </Unit>
      <Unit>
        <Filename Value="src/base/castlerendererbasetypes.pas"/>
        <IsPartOfProject Value="True"/>
        <UnitName Value="CastleRendererBaseTypes"/>
      </Unit>
      <Unit>
        <Filename Value="src/base/castletimeutils.pas"/>
        <IsPartOfProject Value="True"/>
        <UnitName Value="CastleTimeUtils"/>
      </Unit>
      <Unit>
        <Filename Value="src/base/castletimeutils_frameprofiler.inc"/>
        <IsPartOfProject Value="True"/>
      </Unit>
      <Unit>
        <Filename Value="src/base/castletimeutils_framespersecond.inc"/>
        <IsPartOfProject Value="True"/>
      </Unit>
      <Unit>
        <Filename Value="src/base/castletimeutils_gettickcount64.inc"/>
        <IsPartOfProject Value="True"/>
      </Unit>
      <Unit>
        <Filename Value="src/base/castletimeutils_miscellaneous.inc"/>
        <IsPartOfProject Value="True"/>
      </Unit>
      <Unit>
        <Filename Value="src/base/castletimeutils_now.inc"/>
        <IsPartOfProject Value="True"/>
      </Unit>
      <Unit>
        <Filename Value="src/base/castletimeutils_processtimer.inc"/>
        <IsPartOfProject Value="True"/>
      </Unit>
      <Unit>
        <Filename Value="src/base/castletimeutils_profiler.inc"/>
        <IsPartOfProject Value="True"/>
      </Unit>
      <Unit>
        <Filename Value="src/base/castletimeutils_timer.inc"/>
        <IsPartOfProject Value="True"/>
      </Unit>
      <Unit>
        <Filename Value="src/base/castleutils_basic_algorithms.inc"/>
        <IsPartOfProject Value="True"/>
      </Unit>
      <Unit>
        <Filename Value="src/base/castleutils_delphi_compatibility.inc"/>
        <IsPartOfProject Value="True"/>
      </Unit>
      <Unit>
        <Filename Value="src/base/castleutils_filenames.inc"/>
        <IsPartOfProject Value="True"/>
      </Unit>
      <Unit>
        <Filename Value="src/base/castleutils_implement_sort.inc"/>
        <IsPartOfProject Value="True"/>
      </Unit>
      <Unit>
        <Filename Value="src/base/castleutils_os_specific_unix.inc"/>
        <IsPartOfProject Value="True"/>
      </Unit>
      <Unit>
        <Filename Value="src/base/castleutils_platform.inc"/>
        <IsPartOfProject Value="True"/>
      </Unit>
      <Unit>
        <Filename Value="src/base/castleutils_pointers.inc"/>
        <IsPartOfProject Value="True"/>
      </Unit>
      <Unit>
        <Filename Value="src/base/castleutils_primitive_lists.inc"/>
        <IsPartOfProject Value="True"/>
      </Unit>
      <Unit>
        <Filename Value="src/base/castleutils_program_exit.inc"/>
        <IsPartOfProject Value="True"/>
      </Unit>
      <Unit>
        <Filename Value="src/base/castleutils_read_write.inc"/>
        <IsPartOfProject Value="True"/>
      </Unit>
      <Unit>
        <Filename Value="src/base/castleutils_struct_list.inc"/>
        <IsPartOfProject Value="True"/>
      </Unit>
      <Unit>
        <Filename Value="src/base/castleutils_types.inc"/>
        <IsPartOfProject Value="True"/>
      </Unit>
      <Unit>
        <Filename Value="src/base/castlevectors_border.inc"/>
        <IsPartOfProject Value="True"/>
      </Unit>
      <Unit>
        <Filename Value="src/base/castlevectors_byte.inc"/>
        <IsPartOfProject Value="True"/>
      </Unit>
      <Unit>
        <Filename Value="src/base/castlevectors_cardinal.inc"/>
        <IsPartOfProject Value="True"/>
      </Unit>
      <Unit>
        <Filename Value="src/base/castlevectors_compatibility_deprecated.inc"/>
        <IsPartOfProject Value="True"/>
      </Unit>
      <Unit>
        <Filename Value="src/base/castlevectors_double.inc"/>
        <IsPartOfProject Value="True"/>
      </Unit>
      <Unit>
        <Filename Value="src/base/castlevectors_float.inc"/>
        <IsPartOfProject Value="True"/>
      </Unit>
      <Unit>
        <Filename Value="src/base/castlevectors_generic_float_record.inc"/>
        <IsPartOfProject Value="True"/>
      </Unit>
      <Unit>
        <Filename Value="src/base/castlevectors_integer.inc"/>
        <IsPartOfProject Value="True"/>
      </Unit>
      <Unit>
        <Filename Value="src/base/castlevectorsinternaldouble.pas"/>
        <IsPartOfProject Value="True"/>
        <UnitName Value="CastleVectorsInternalDouble"/>
      </Unit>
      <Unit>
        <Filename Value="src/base/castlevectorsinternalsingle.pas"/>
        <IsPartOfProject Value="True"/>
        <UnitName Value="CastleVectorsInternalSingle"/>
      </Unit>
      <Unit>
        <Filename Value="src/base/castlevectors_lists.inc"/>
        <IsPartOfProject Value="True"/>
      </Unit>
      <Unit>
        <Filename Value="src/base/castlevectors_lists_double.inc"/>
        <IsPartOfProject Value="True"/>
      </Unit>
      <Unit>
        <Filename Value="src/base/castlevectors_miscellaneous.inc"/>
        <IsPartOfProject Value="True"/>
      </Unit>
      <Unit>
        <Filename Value="src/base/castlevectors_persistent.inc"/>
        <IsPartOfProject Value="True"/>
      </Unit>
      <Unit>
        <Filename Value="src/base/castlevectors_single.inc"/>
        <IsPartOfProject Value="True"/>
      </Unit>
      <Unit>
        <Filename Value="src/base/castlevectors_smallint.inc"/>
        <IsPartOfProject Value="True"/>
      </Unit>
      <Unit>
        <Filename Value="src/base/castlevectors_transformation.inc"/>
        <IsPartOfProject Value="True"/>
      </Unit>
      <Unit>
        <Filename Value="src/base/castleversion.inc"/>
        <IsPartOfProject Value="True"/>
      </Unit>
      <Unit>
        <Filename Value="src/base/gl_texture_compression_constants.inc"/>
        <IsPartOfProject Value="True"/>
      </Unit>
      <Unit>
        <Filename Value="src/base/norqcheckbegin.inc"/>
        <IsPartOfProject Value="True"/>
      </Unit>
      <Unit>
        <Filename Value="src/base/norqcheckend.inc"/>
        <IsPartOfProject Value="True"/>
      </Unit>
      <Unit>
        <Filename Value="src/3d/castletriangles_istrianglespherecollision.inc"/>
        <IsPartOfProject Value="True"/>
      </Unit>
    </Units>
  </ProjectOptions>
  <CompilerOptions>
    <Version Value="11"/>
    <Target>
      <Filename Value="x3dMin"/>
    </Target>
    <SearchPaths>
      <IncludeFiles Value="$(ProjOutDir);src/base;src/files;src/3d;src/castlescript;src/fonts;src/x3d"/>
      <OtherUnitFiles Value="src/base;src/3d;src/castlescript;src/x3d"/>
      <UnitOutputDirectory Value="lib/$(TargetCPU)-$(TargetOS)"/>
    </SearchPaths>
    <Linking>
      <Debugging>
        <DebugInfoType Value="dsDwarf2Set"/>
      </Debugging>
      <Options>
        <Win32>
          <GraphicApplication Value="True"/>
        </Win32>
      </Options>
    </Linking>
  </CompilerOptions>
  <Debugging>
    <Exceptions>
      <Item>
        <Name Value="EAbort"/>
      </Item>
      <Item>
        <Name Value="ECodetoolError"/>
      </Item>
      <Item>
        <Name Value="EFOpenError"/>
      </Item>
    </Exceptions>
  </Debugging>
</CONFIG>
